
Microsoft Visual Studio Solution File, Format Version 12.00
Project("{FAE04EC0-301F-11D3-BF4B-00C04F79EFBC}") = "API", "API\API.csproj", "{0DDE76C3-7061-4AA6-93C8-61A14EB0CACA}"
EndProject
Project("{FAE04EC0-301F-11D3-BF4B-00C04F79EFBC}") = "Domain", "Domain\Domain.csproj", "{E8224477-44CA-4976-9CB2-E5242FD7F3D5}"
EndProject
Project("{FAE04EC0-301F-11D3-BF4B-00C04F79EFBC}") = "Services", "Services\Services.csproj", "{CFF1A358-424A-45A6-A8C3-74CC80FBFC9B}"
EndProject
Global
	GlobalSection(SolutionConfigurationPlatforms) = preSolution
		Debug|Any CPU = Debug|Any CPU
		Debug|x64 = Debug|x64
		Debug|x86 = Debug|x86
		Release|Any CPU = Release|Any CPU
		Release|x64 = Release|x64
		Release|x86 = Release|x86
	EndGlobalSection
	GlobalSection(ProjectConfigurationPlatforms) = postSolution
		{0DDE76C3-7061-4AA6-93C8-61A14EB0CACA}.Debug|Any CPU.ActiveCfg = Debug|Any CPU
		{0DDE76C3-7061-4AA6-93C8-61A14EB0CACA}.Debug|Any CPU.Build.0 = Debug|Any CPU
		{0DDE76C3-7061-4AA6-93C8-61A14EB0CACA}.Debug|x64.ActiveCfg = Debug|Any CPU
		{0DDE76C3-7061-4AA6-93C8-61A14EB0CACA}.Debug|x64.Build.0 = Debug|Any CPU
		{0DDE76C3-7061-4AA6-93C8-61A14EB0CACA}.Debug|x86.ActiveCfg = Debug|Any CPU
		{0DDE76C3-7061-4AA6-93C8-61A14EB0CACA}.Debug|x86.Build.0 = Debug|Any CPU
		{0DDE76C3-7061-4AA6-93C8-61A14EB0CACA}.Release|Any CPU.ActiveCfg = Release|Any CPU
		{0DDE76C3-7061-4AA6-93C8-61A14EB0CACA}.Release|Any CPU.Build.0 = Release|Any CPU
		{0DDE76C3-7061-4AA6-93C8-61A14EB0CACA}.Release|x64.ActiveCfg = Release|Any CPU
		{0DDE76C3-7061-4AA6-93C8-61A14EB0CACA}.Release|x64.Build.0 = Release|Any CPU
		{0DDE76C3-7061-4AA6-93C8-61A14EB0CACA}.Release|x86.ActiveCfg = Release|Any CPU
		{0DDE76C3-7061-4AA6-93C8-61A14EB0CACA}.Release|x86.Build.0 = Release|Any CPU
		{E8224477-44CA-4976-9CB2-E5242FD7F3D5}.Debug|Any CPU.ActiveCfg = Debug|Any CPU
		{E8224477-44CA-4976-9CB2-E5242FD7F3D5}.Debug|Any CPU.Build.0 = Debug|Any CPU
		{E8224477-44CA-4976-9CB2-E5242FD7F3D5}.Debug|x64.ActiveCfg = Debug|Any CPU
		{E8224477-44CA-4976-9CB2-E5242FD7F3D5}.Debug|x64.Build.0 = Debug|Any CPU
		{E8224477-44CA-4976-9CB2-E5242FD7F3D5}.Debug|x86.ActiveCfg = Debug|Any CPU
		{E8224477-44CA-4976-9CB2-E5242FD7F3D5}.Debug|x86.Build.0 = Debug|Any CPU
		{E8224477-44CA-4976-9CB2-E5242FD7F3D5}.Release|Any CPU.ActiveCfg = Release|Any CPU
		{E8224477-44CA-4976-9CB2-E5242FD7F3D5}.Release|Any CPU.Build.0 = Release|Any CPU
		{E8224477-44CA-4976-9CB2-E5242FD7F3D5}.Release|x64.ActiveCfg = Release|Any CPU
		{E8224477-44CA-4976-9CB2-E5242FD7F3D5}.Release|x64.Build.0 = Release|Any CPU
		{E8224477-44CA-4976-9CB2-E5242FD7F3D5}.Release|x86.ActiveCfg = Release|Any CPU
		{E8224477-44CA-4976-9CB2-E5242FD7F3D5}.Release|x86.Build.0 = Release|Any CPU
		{CFF1A358-424A-45A6-A8C3-74CC80FBFC9B}.Debug|Any CPU.ActiveCfg = Debug|Any CPU
		{CFF1A358-424A-45A6-A8C3-74CC80FBFC9B}.Debug|Any CPU.Build.0 = Debug|Any CPU
		{CFF1A358-424A-45A6-A8C3-74CC80FBFC9B}.Debug|x64.ActiveCfg = Debug|Any CPU
		{CFF1A358-424A-45A6-A8C3-74CC80FBFC9B}.Debug|x64.Build.0 = Debug|Any CPU
		{CFF1A358-424A-45A6-A8C3-74CC80FBFC9B}.Debug|x86.ActiveCfg = Debug|Any CPU
		{CFF1A358-424A-45A6-A8C3-74CC80FBFC9B}.Debug|x86.Build.0 = Debug|Any CPU
		{CFF1A358-424A-45A6-A8C3-74CC80FBFC9B}.Release|Any CPU.ActiveCfg = Release|Any CPU
		{CFF1A358-424A-45A6-A8C3-74CC80FBFC9B}.Release|Any CPU.Build.0 = Release|Any CPU
		{CFF1A358-424A-45A6-A8C3-74CC80FBFC9B}.Release|x64.ActiveCfg = Release|Any CPU
		{CFF1A358-424A-45A6-A8C3-74CC80FBFC9B}.Release|x64.Build.0 = Release|Any CPU
		{CFF1A358-424A-45A6-A8C3-74CC80FBFC9B}.Release|x86.ActiveCfg = Release|Any CPU
		{CFF1A358-424A-45A6-A8C3-74CC80FBFC9B}.Release|x86.Build.0 = Release|Any CPU
	EndGlobalSection
	GlobalSection(SolutionProperties) = preSolution
		HideSolutionNode = FALSE
	EndGlobalSection
EndGlobal
